
Microsoft Visual Studio Solution File, Format Version 12.00
# Visual Studio 15
VisualStudioVersion = 15.0.25123.0
MinimumVisualStudioVersion = 10.0.40219.1
Project("{FAE04EC0-301F-11D3-BF4B-00C04F79EFBC}") = "XamarinFormPortable.Droid", "XamarinFormPortable\XamarinFormPortable.Droid\XamarinFormPortable.Droid.csproj", "{DB511998-6C8A-47F5-9245-3FAB8FB22ACA}"
EndProject
Project("{FAE04EC0-301F-11D3-BF4B-00C04F79EFBC}") = "XamarinFormPortable.iOS", "XamarinFormPortable\XamarinFormPortable.iOS\XamarinFormPortable.iOS.csproj", "{F936E03B-DE39-47E7-9F27-0DDD63059E67}"
EndProject
Project("{FAE04EC0-301F-11D3-BF4B-00C04F79EFBC}") = "XamarinFormPortable.UWP", "XamarinFormPortable\XamarinFormPortable.UWP\XamarinFormPortable.UWP.csproj", "{7018CDDA-6CC9-47AF-8A91-39EB324567CD}"
EndProject
Project("{FAE04EC0-301F-11D3-BF4B-00C04F79EFBC}") = "XamarinFormPortable", "XamarinFormPortable\XamarinFormPortable\XamarinFormPortable.csproj", "{0DD89C83-F524-45EE-85C3-1AC6C484B3D7}"
EndProject
Global
	GlobalSection(SolutionConfigurationPlatforms) = preSolution
		Ad-Hoc|Any CPU = Ad-Hoc|Any CPU
		Ad-Hoc|ARM = Ad-Hoc|ARM
		Ad-Hoc|iPhone = Ad-Hoc|iPhone
		Ad-Hoc|iPhoneSimulator = Ad-Hoc|iPhoneSimulator
		Ad-Hoc|x64 = Ad-Hoc|x64
		Ad-Hoc|x86 = Ad-Hoc|x86
		AppStore|Any CPU = AppStore|Any CPU
		AppStore|ARM = AppStore|ARM
		AppStore|iPhone = AppStore|iPhone
		AppStore|iPhoneSimulator = AppStore|iPhoneSimulator
		AppStore|x64 = AppStore|x64
		AppStore|x86 = AppStore|x86
		Debug|Any CPU = Debug|Any CPU
		Debug|ARM = Debug|ARM
		Debug|iPhone = Debug|iPhone
		Debug|iPhoneSimulator = Debug|iPhoneSimulator
		Debug|x64 = Debug|x64
		Debug|x86 = Debug|x86
		Release|Any CPU = Release|Any CPU
		Release|ARM = Release|ARM
		Release|iPhone = Release|iPhone
		Release|iPhoneSimulator = Release|iPhoneSimulator
		Release|x64 = Release|x64
		Release|x86 = Release|x86
	EndGlobalSection
	GlobalSection(ProjectConfigurationPlatforms) = postSolution
		{DB511998-6C8A-47F5-9245-3FAB8FB22ACA}.Ad-Hoc|Any CPU.ActiveCfg = Release|Any CPU
		{DB511998-6C8A-47F5-9245-3FAB8FB22ACA}.Ad-Hoc|Any CPU.Build.0 = Release|Any CPU
		{DB511998-6C8A-47F5-9245-3FAB8FB22ACA}.Ad-Hoc|Any CPU.Deploy.0 = Release|Any CPU
		{DB511998-6C8A-47F5-9245-3FAB8FB22ACA}.Ad-Hoc|ARM.ActiveCfg = Release|Any CPU
		{DB511998-6C8A-47F5-9245-3FAB8FB22ACA}.Ad-Hoc|ARM.Build.0 = Release|Any CPU
		{DB511998-6C8A-47F5-9245-3FAB8FB22ACA}.Ad-Hoc|ARM.Deploy.0 = Release|Any CPU
		{DB511998-6C8A-47F5-9245-3FAB8FB22ACA}.Ad-Hoc|iPhone.ActiveCfg = Release|Any CPU
		{DB511998-6C8A-47F5-9245-3FAB8FB22ACA}.Ad-Hoc|iPhone.Build.0 = Release|Any CPU
		{DB511998-6C8A-47F5-9245-3FAB8FB22ACA}.Ad-Hoc|iPhone.Deploy.0 = Release|Any CPU
		{DB511998-6C8A-47F5-9245-3FAB8FB22ACA}.Ad-Hoc|iPhoneSimulator.ActiveCfg = Release|Any CPU
		{DB511998-6C8A-47F5-9245-3FAB8FB22ACA}.Ad-Hoc|iPhoneSimulator.Build.0 = Release|Any CPU
		{DB511998-6C8A-47F5-9245-3FAB8FB22ACA}.Ad-Hoc|iPhoneSimulator.Deploy.0 = Release|Any CPU
		{DB511998-6C8A-47F5-9245-3FAB8FB22ACA}.Ad-Hoc|x64.ActiveCfg = Release|Any CPU
		{DB511998-6C8A-47F5-9245-3FAB8FB22ACA}.Ad-Hoc|x64.Build.0 = Release|Any CPU
		{DB511998-6C8A-47F5-9245-3FAB8FB22ACA}.Ad-Hoc|x64.Deploy.0 = Release|Any CPU
		{DB511998-6C8A-47F5-9245-3FAB8FB22ACA}.Ad-Hoc|x86.ActiveCfg = Release|Any CPU
		{DB511998-6C8A-47F5-9245-3FAB8FB22ACA}.Ad-Hoc|x86.Build.0 = Release|Any CPU
		{DB511998-6C8A-47F5-9245-3FAB8FB22ACA}.Ad-Hoc|x86.Deploy.0 = Release|Any CPU
		{DB511998-6C8A-47F5-9245-3FAB8FB22ACA}.AppStore|Any CPU.ActiveCfg = Release|Any CPU
		{DB511998-6C8A-47F5-9245-3FAB8FB22ACA}.AppStore|Any CPU.Build.0 = Release|Any CPU
		{DB511998-6C8A-47F5-9245-3FAB8FB22ACA}.AppStore|Any CPU.Deploy.0 = Release|Any CPU
		{DB511998-6C8A-47F5-9245-3FAB8FB22ACA}.AppStore|ARM.ActiveCfg = Release|Any CPU
		{DB511998-6C8A-47F5-9245-3FAB8FB22ACA}.AppStore|ARM.Build.0 = Release|Any CPU
		{DB511998-6C8A-47F5-9245-3FAB8FB22ACA}.AppStore|ARM.Deploy.0 = Release|Any CPU
		{DB511998-6C8A-47F5-9245-3FAB8FB22ACA}.AppStore|iPhone.ActiveCfg = Release|Any CPU
		{DB511998-6C8A-47F5-9245-3FAB8FB22ACA}.AppStore|iPhone.Build.0 = Release|Any CPU
		{DB511998-6C8A-47F5-9245-3FAB8FB22ACA}.AppStore|iPhone.Deploy.0 = Release|Any CPU
		{DB511998-6C8A-47F5-9245-3FAB8FB22ACA}.AppStore|iPhoneSimulator.ActiveCfg = Release|Any CPU
		{DB511998-6C8A-47F5-9245-3FAB8FB22ACA}.AppStore|iPhoneSimulator.Build.0 = Release|Any CPU
		{DB511998-6C8A-47F5-9245-3FAB8FB22ACA}.AppStore|iPhoneSimulator.Deploy.0 = Release|Any CPU
		{DB511998-6C8A-47F5-9245-3FAB8FB22ACA}.AppStore|x64.ActiveCfg = Release|Any CPU
		{DB511998-6C8A-47F5-9245-3FAB8FB22ACA}.AppStore|x64.Build.0 = Release|Any CPU
		{DB511998-6C8A-47F5-9245-3FAB8FB22ACA}.AppStore|x64.Deploy.0 = Release|Any CPU
		{DB511998-6C8A-47F5-9245-3FAB8FB22ACA}.AppStore|x86.ActiveCfg = Release|Any CPU
		{DB511998-6C8A-47F5-9245-3FAB8FB22ACA}.AppStore|x86.Build.0 = Release|Any CPU
		{DB511998-6C8A-47F5-9245-3FAB8FB22ACA}.AppStore|x86.Deploy.0 = Release|Any CPU
		{DB511998-6C8A-47F5-9245-3FAB8FB22ACA}.Debug|Any CPU.ActiveCfg = Debug|Any CPU
		{DB511998-6C8A-47F5-9245-3FAB8FB22ACA}.Debug|Any CPU.Build.0 = Debug|Any CPU
		{DB511998-6C8A-47F5-9245-3FAB8FB22ACA}.Debug|Any CPU.Deploy.0 = Debug|Any CPU
		{DB511998-6C8A-47F5-9245-3FAB8FB22ACA}.Debug|ARM.ActiveCfg = Debug|Any CPU
		{DB511998-6C8A-47F5-9245-3FAB8FB22ACA}.Debug|ARM.Build.0 = Debug|Any CPU
		{DB511998-6C8A-47F5-9245-3FAB8FB22ACA}.Debug|ARM.Deploy.0 = Debug|Any CPU
		{DB511998-6C8A-47F5-9245-3FAB8FB22ACA}.Debug|iPhone.ActiveCfg = Debug|Any CPU
		{DB511998-6C8A-47F5-9245-3FAB8FB22ACA}.Debug|iPhone.Build.0 = Debug|Any CPU
		{DB511998-6C8A-47F5-9245-3FAB8FB22ACA}.Debug|iPhone.Deploy.0 = Debug|Any CPU
		{DB511998-6C8A-47F5-9245-3FAB8FB22ACA}.Debug|iPhoneSimulator.ActiveCfg = Debug|Any CPU
		{DB511998-6C8A-47F5-9245-3FAB8FB22ACA}.Debug|iPhoneSimulator.Build.0 = Debug|Any CPU
		{DB511998-6C8A-47F5-9245-3FAB8FB22ACA}.Debug|iPhoneSimulator.Deploy.0 = Debug|Any CPU
		{DB511998-6C8A-47F5-9245-3FAB8FB22ACA}.Debug|x64.ActiveCfg = Debug|Any CPU
		{DB511998-6C8A-47F5-9245-3FAB8FB22ACA}.Debug|x64.Build.0 = Debug|Any CPU
		{DB511998-6C8A-47F5-9245-3FAB8FB22ACA}.Debug|x64.Deploy.0 = Debug|Any CPU
		{DB511998-6C8A-47F5-9245-3FAB8FB22ACA}.Debug|x86.ActiveCfg = Debug|Any CPU
		{DB511998-6C8A-47F5-9245-3FAB8FB22ACA}.Debug|x86.Build.0 = Debug|Any CPU
		{DB511998-6C8A-47F5-9245-3FAB8FB22ACA}.Debug|x86.Deploy.0 = Debug|Any CPU
		{DB511998-6C8A-47F5-9245-3FAB8FB22ACA}.Release|Any CPU.ActiveCfg = Release|Any CPU
		{DB511998-6C8A-47F5-9245-3FAB8FB22ACA}.Release|Any CPU.Build.0 = Release|Any CPU
		{DB511998-6C8A-47F5-9245-3FAB8FB22ACA}.Release|Any CPU.Deploy.0 = Release|Any CPU
		{DB511998-6C8A-47F5-9245-3FAB8FB22ACA}.Release|ARM.ActiveCfg = Release|Any CPU
		{DB511998-6C8A-47F5-9245-3FAB8FB22ACA}.Release|ARM.Build.0 = Release|Any CPU
		{DB511998-6C8A-47F5-9245-3FAB8FB22ACA}.Release|ARM.Deploy.0 = Release|Any CPU
		{DB511998-6C8A-47F5-9245-3FAB8FB22ACA}.Release|iPhone.ActiveCfg = Release|Any CPU
		{DB511998-6C8A-47F5-9245-3FAB8FB22ACA}.Release|iPhone.Build.0 = Release|Any CPU
		{DB511998-6C8A-47F5-9245-3FAB8FB22ACA}.Release|iPhone.Deploy.0 = Release|Any CPU
		{DB511998-6C8A-47F5-9245-3FAB8FB22ACA}.Release|iPhoneSimulator.ActiveCfg = Release|Any CPU
		{DB511998-6C8A-47F5-9245-3FAB8FB22ACA}.Release|iPhoneSimulator.Build.0 = Release|Any CPU
		{DB511998-6C8A-47F5-9245-3FAB8FB22ACA}.Release|iPhoneSimulator.Deploy.0 = Release|Any CPU
		{DB511998-6C8A-47F5-9245-3FAB8FB22ACA}.Release|x64.ActiveCfg = Release|Any CPU
		{DB511998-6C8A-47F5-9245-3FAB8FB22ACA}.Release|x64.Build.0 = Release|Any CPU
		{DB511998-6C8A-47F5-9245-3FAB8FB22ACA}.Release|x64.Deploy.0 = Release|Any CPU
		{DB511998-6C8A-47F5-9245-3FAB8FB22ACA}.Release|x86.ActiveCfg = Release|Any CPU
		{DB511998-6C8A-47F5-9245-3FAB8FB22ACA}.Release|x86.Build.0 = Release|Any CPU
		{DB511998-6C8A-47F5-9245-3FAB8FB22ACA}.Release|x86.Deploy.0 = Release|Any CPU
		{F936E03B-DE39-47E7-9F27-0DDD63059E67}.Ad-Hoc|Any CPU.ActiveCfg = Ad-Hoc|iPhone
		{F936E03B-DE39-47E7-9F27-0DDD63059E67}.Ad-Hoc|ARM.ActiveCfg = Ad-Hoc|iPhone
		{F936E03B-DE39-47E7-9F27-0DDD63059E67}.Ad-Hoc|iPhone.ActiveCfg = Ad-Hoc|iPhone
		{F936E03B-DE39-47E7-9F27-0DDD63059E67}.Ad-Hoc|iPhone.Build.0 = Ad-Hoc|iPhone
		{F936E03B-DE39-47E7-9F27-0DDD63059E67}.Ad-Hoc|iPhoneSimulator.ActiveCfg = Ad-Hoc|iPhoneSimulator
		{F936E03B-DE39-47E7-9F27-0DDD63059E67}.Ad-Hoc|iPhoneSimulator.Build.0 = Ad-Hoc|iPhoneSimulator
		{F936E03B-DE39-47E7-9F27-0DDD63059E67}.Ad-Hoc|x64.ActiveCfg = Ad-Hoc|iPhone
		{F936E03B-DE39-47E7-9F27-0DDD63059E67}.Ad-Hoc|x86.ActiveCfg = Ad-Hoc|iPhone
		{F936E03B-DE39-47E7-9F27-0DDD63059E67}.AppStore|Any CPU.ActiveCfg = AppStore|iPhone
		{F936E03B-DE39-47E7-9F27-0DDD63059E67}.AppStore|ARM.ActiveCfg = AppStore|iPhone
		{F936E03B-DE39-47E7-9F27-0DDD63059E67}.AppStore|iPhone.ActiveCfg = AppStore|iPhone
		{F936E03B-DE39-47E7-9F27-0DDD63059E67}.AppStore|iPhone.Build.0 = AppStore|iPhone
		{F936E03B-DE39-47E7-9F27-0DDD63059E67}.AppStore|iPhoneSimulator.ActiveCfg = AppStore|iPhoneSimulator
		{F936E03B-DE39-47E7-9F27-0DDD63059E67}.AppStore|iPhoneSimulator.Build.0 = AppStore|iPhoneSimulator
		{F936E03B-DE39-47E7-9F27-0DDD63059E67}.AppStore|x64.ActiveCfg = AppStore|iPhone
		{F936E03B-DE39-47E7-9F27-0DDD63059E67}.AppStore|x86.ActiveCfg = AppStore|iPhone
		{F936E03B-DE39-47E7-9F27-0DDD63059E67}.Debug|Any CPU.ActiveCfg = Debug|iPhone
		{F936E03B-DE39-47E7-9F27-0DDD63059E67}.Debug|ARM.ActiveCfg = Debug|iPhone
		{F936E03B-DE39-47E7-9F27-0DDD63059E67}.Debug|iPhone.ActiveCfg = Debug|iPhone
		{F936E03B-DE39-47E7-9F27-0DDD63059E67}.Debug|iPhone.Build.0 = Debug|iPhone
		{F936E03B-DE39-47E7-9F27-0DDD63059E67}.Debug|iPhoneSimulator.ActiveCfg = Debug|iPhoneSimulator
		{F936E03B-DE39-47E7-9F27-0DDD63059E67}.Debug|iPhoneSimulator.Build.0 = Debug|iPhoneSimulator
		{F936E03B-DE39-47E7-9F27-0DDD63059E67}.Debug|x64.ActiveCfg = Debug|iPhone
		{F936E03B-DE39-47E7-9F27-0DDD63059E67}.Debug|x86.ActiveCfg = Debug|iPhone
		{F936E03B-DE39-47E7-9F27-0DDD63059E67}.Release|Any CPU.ActiveCfg = Release|iPhone
		{F936E03B-DE39-47E7-9F27-0DDD63059E67}.Release|ARM.ActiveCfg = Release|iPhone
		{F936E03B-DE39-47E7-9F27-0DDD63059E67}.Release|iPhone.ActiveCfg = Release|iPhone
		{F936E03B-DE39-47E7-9F27-0DDD63059E67}.Release|iPhone.Build.0 = Release|iPhone
		{F936E03B-DE39-47E7-9F27-0DDD63059E67}.Release|iPhoneSimulator.ActiveCfg = Release|iPhoneSimulator
		{F936E03B-DE39-47E7-9F27-0DDD63059E67}.Release|iPhoneSimulator.Build.0 = Release|iPhoneSimulator
		{F936E03B-DE39-47E7-9F27-0DDD63059E67}.Release|x64.ActiveCfg = Release|iPhone
		{F936E03B-DE39-47E7-9F27-0DDD63059E67}.Release|x86.ActiveCfg = Release|iPhone
		{7018CDDA-6CC9-47AF-8A91-39EB324567CD}.Ad-Hoc|Any CPU.ActiveCfg = Release|x86
		{7018CDDA-6CC9-47AF-8A91-39EB324567CD}.Ad-Hoc|Any CPU.Build.0 = Release|x86
		{7018CDDA-6CC9-47AF-8A91-39EB324567CD}.Ad-Hoc|Any CPU.Deploy.0 = Release|x86
		{7018CDDA-6CC9-47AF-8A91-39EB324567CD}.Ad-Hoc|ARM.ActiveCfg = Release|ARM
		{7018CDDA-6CC9-47AF-8A91-39EB324567CD}.Ad-Hoc|ARM.Build.0 = Release|ARM
		{7018CDDA-6CC9-47AF-8A91-39EB324567CD}.Ad-Hoc|ARM.Deploy.0 = Release|ARM
		{7018CDDA-6CC9-47AF-8A91-39EB324567CD}.Ad-Hoc|iPhone.ActiveCfg = Release|x86
		{7018CDDA-6CC9-47AF-8A91-39EB324567CD}.Ad-Hoc|iPhone.Build.0 = Release|x86
		{7018CDDA-6CC9-47AF-8A91-39EB324567CD}.Ad-Hoc|iPhone.Deploy.0 = Release|x86
		{7018CDDA-6CC9-47AF-8A91-39EB324567CD}.Ad-Hoc|iPhoneSimulator.ActiveCfg = Release|x86
		{7018CDDA-6CC9-47AF-8A91-39EB324567CD}.Ad-Hoc|iPhoneSimulator.Build.0 = Release|x86
		{7018CDDA-6CC9-47AF-8A91-39EB324567CD}.Ad-Hoc|iPhoneSimulator.Deploy.0 = Release|x86
		{7018CDDA-6CC9-47AF-8A91-39EB324567CD}.Ad-Hoc|x64.ActiveCfg = Release|x64
		{7018CDDA-6CC9-47AF-8A91-39EB324567CD}.Ad-Hoc|x64.Build.0 = Release|x64
		{7018CDDA-6CC9-47AF-8A91-39EB324567CD}.Ad-Hoc|x64.Deploy.0 = Release|x64
		{7018CDDA-6CC9-47AF-8A91-39EB324567CD}.Ad-Hoc|x86.ActiveCfg = Release|x86
		{7018CDDA-6CC9-47AF-8A91-39EB324567CD}.Ad-Hoc|x86.Build.0 = Release|x86
		{7018CDDA-6CC9-47AF-8A91-39EB324567CD}.Ad-Hoc|x86.Deploy.0 = Release|x86
		{7018CDDA-6CC9-47AF-8A91-39EB324567CD}.AppStore|Any CPU.ActiveCfg = Release|x86
		{7018CDDA-6CC9-47AF-8A91-39EB324567CD}.AppStore|Any CPU.Build.0 = Release|x86
		{7018CDDA-6CC9-47AF-8A91-39EB324567CD}.AppStore|Any CPU.Deploy.0 = Release|x86
		{7018CDDA-6CC9-47AF-8A91-39EB324567CD}.AppStore|ARM.ActiveCfg = Release|ARM
		{7018CDDA-6CC9-47AF-8A91-39EB324567CD}.AppStore|ARM.Build.0 = Release|ARM
		{7018CDDA-6CC9-47AF-8A91-39EB324567CD}.AppStore|ARM.Deploy.0 = Release|ARM
		{7018CDDA-6CC9-47AF-8A91-39EB324567CD}.AppStore|iPhone.ActiveCfg = Release|x86
		{7018CDDA-6CC9-47AF-8A91-39EB324567CD}.AppStore|iPhone.Build.0 = Release|x86
		{7018CDDA-6CC9-47AF-8A91-39EB324567CD}.AppStore|iPhone.Deploy.0 = Release|x86
		{7018CDDA-6CC9-47AF-8A91-39EB324567CD}.AppStore|iPhoneSimulator.ActiveCfg = Release|x86
		{7018CDDA-6CC9-47AF-8A91-39EB324567CD}.AppStore|iPhoneSimulator.Build.0 = Release|x86
		{7018CDDA-6CC9-47AF-8A91-39EB324567CD}.AppStore|iPhoneSimulator.Deploy.0 = Release|x86
		{7018CDDA-6CC9-47AF-8A91-39EB324567CD}.AppStore|x64.ActiveCfg = Release|x64
		{7018CDDA-6CC9-47AF-8A91-39EB324567CD}.AppStore|x64.Build.0 = Release|x64
		{7018CDDA-6CC9-47AF-8A91-39EB324567CD}.AppStore|x64.Deploy.0 = Release|x64
		{7018CDDA-6CC9-47AF-8A91-39EB324567CD}.AppStore|x86.ActiveCfg = Release|x86
		{7018CDDA-6CC9-47AF-8A91-39EB324567CD}.AppStore|x86.Build.0 = Release|x86
		{7018CDDA-6CC9-47AF-8A91-39EB324567CD}.AppStore|x86.Deploy.0 = Release|x86
		{7018CDDA-6CC9-47AF-8A91-39EB324567CD}.Debug|Any CPU.ActiveCfg = Debug|x86
		{7018CDDA-6CC9-47AF-8A91-39EB324567CD}.Debug|ARM.ActiveCfg = Debug|ARM
		{7018CDDA-6CC9-47AF-8A91-39EB324567CD}.Debug|ARM.Build.0 = Debug|ARM
		{7018CDDA-6CC9-47AF-8A91-39EB324567CD}.Debug|ARM.Deploy.0 = Debug|ARM
		{7018CDDA-6CC9-47AF-8A91-39EB324567CD}.Debug|iPhone.ActiveCfg = Debug|x86
		{7018CDDA-6CC9-47AF-8A91-39EB324567CD}.Debug|iPhoneSimulator.ActiveCfg = Debug|x86
		{7018CDDA-6CC9-47AF-8A91-39EB324567CD}.Debug|x64.ActiveCfg = Debug|x64
		{7018CDDA-6CC9-47AF-8A91-39EB324567CD}.Debug|x64.Build.0 = Debug|x64
		{7018CDDA-6CC9-47AF-8A91-39EB324567CD}.Debug|x64.Deploy.0 = Debug|x64
		{7018CDDA-6CC9-47AF-8A91-39EB324567CD}.Debug|x86.ActiveCfg = Debug|x86
		{7018CDDA-6CC9-47AF-8A91-39EB324567CD}.Debug|x86.Build.0 = Debug|x86
		{7018CDDA-6CC9-47AF-8A91-39EB324567CD}.Debug|x86.Deploy.0 = Debug|x86
		{7018CDDA-6CC9-47AF-8A91-39EB324567CD}.Release|Any CPU.ActiveCfg = Release|x86
		{7018CDDA-6CC9-47AF-8A91-39EB324567CD}.Release|ARM.ActiveCfg = Release|ARM
		{7018CDDA-6CC9-47AF-8A91-39EB324567CD}.Release|ARM.Build.0 = Release|ARM
		{7018CDDA-6CC9-47AF-8A91-39EB324567CD}.Release|ARM.Deploy.0 = Release|ARM
		{7018CDDA-6CC9-47AF-8A91-39EB324567CD}.Release|iPhone.ActiveCfg = Release|x86
		{7018CDDA-6CC9-47AF-8A91-39EB324567CD}.Release|iPhoneSimulator.ActiveCfg = Release|x86
		{7018CDDA-6CC9-47AF-8A91-39EB324567CD}.Release|x64.ActiveCfg = Release|x64
		{7018CDDA-6CC9-47AF-8A91-39EB324567CD}.Release|x64.Build.0 = Release|x64
		{7018CDDA-6CC9-47AF-8A91-39EB324567CD}.Release|x64.Deploy.0 = Release|x64
		{7018CDDA-6CC9-47AF-8A91-39EB324567CD}.Release|x86.ActiveCfg = Release|x86
		{7018CDDA-6CC9-47AF-8A91-39EB324567CD}.Release|x86.Build.0 = Release|x86
		{7018CDDA-6CC9-47AF-8A91-39EB324567CD}.Release|x86.Deploy.0 = Release|x86
		{0DD89C83-F524-45EE-85C3-1AC6C484B3D7}.Ad-Hoc|Any CPU.ActiveCfg = Release|Any CPU
		{0DD89C83-F524-45EE-85C3-1AC6C484B3D7}.Ad-Hoc|Any CPU.Build.0 = Release|Any CPU
		{0DD89C83-F524-45EE-85C3-1AC6C484B3D7}.Ad-Hoc|ARM.ActiveCfg = Release|Any CPU
		{0DD89C83-F524-45EE-85C3-1AC6C484B3D7}.Ad-Hoc|ARM.Build.0 = Release|Any CPU
		{0DD89C83-F524-45EE-85C3-1AC6C484B3D7}.Ad-Hoc|iPhone.ActiveCfg = Release|Any CPU
		{0DD89C83-F524-45EE-85C3-1AC6C484B3D7}.Ad-Hoc|iPhone.Build.0 = Release|Any CPU
		{0DD89C83-F524-45EE-85C3-1AC6C484B3D7}.Ad-Hoc|iPhoneSimulator.ActiveCfg = Release|Any CPU
		{0DD89C83-F524-45EE-85C3-1AC6C484B3D7}.Ad-Hoc|iPhoneSimulator.Build.0 = Release|Any CPU
		{0DD89C83-F524-45EE-85C3-1AC6C484B3D7}.Ad-Hoc|x64.ActiveCfg = Release|Any CPU
		{0DD89C83-F524-45EE-85C3-1AC6C484B3D7}.Ad-Hoc|x64.Build.0 = Release|Any CPU
		{0DD89C83-F524-45EE-85C3-1AC6C484B3D7}.Ad-Hoc|x86.ActiveCfg = Release|Any CPU
		{0DD89C83-F524-45EE-85C3-1AC6C484B3D7}.Ad-Hoc|x86.Build.0 = Release|Any CPU
		{0DD89C83-F524-45EE-85C3-1AC6C484B3D7}.AppStore|Any CPU.ActiveCfg = Release|Any CPU
		{0DD89C83-F524-45EE-85C3-1AC6C484B3D7}.AppStore|Any CPU.Build.0 = Release|Any CPU
		{0DD89C83-F524-45EE-85C3-1AC6C484B3D7}.AppStore|ARM.ActiveCfg = Release|Any CPU
		{0DD89C83-F524-45EE-85C3-1AC6C484B3D7}.AppStore|ARM.Build.0 = Release|Any CPU
		{0DD89C83-F524-45EE-85C3-1AC6C484B3D7}.AppStore|iPhone.ActiveCfg = Release|Any CPU
		{0DD89C83-F524-45EE-85C3-1AC6C484B3D7}.AppStore|iPhone.Build.0 = Release|Any CPU
		{0DD89C83-F524-45EE-85C3-1AC6C484B3D7}.AppStore|iPhoneSimulator.ActiveCfg = Release|Any CPU
		{0DD89C83-F524-45EE-85C3-1AC6C484B3D7}.AppStore|iPhoneSimulator.Build.0 = Release|Any CPU
		{0DD89C83-F524-45EE-85C3-1AC6C484B3D7}.AppStore|x64.ActiveCfg = Release|Any CPU
		{0DD89C83-F524-45EE-85C3-1AC6C484B3D7}.AppStore|x64.Build.0 = Release|Any CPU
		{0DD89C83-F524-45EE-85C3-1AC6C484B3D7}.AppStore|x86.ActiveCfg = Release|Any CPU
		{0DD89C83-F524-45EE-85C3-1AC6C484B3D7}.AppStore|x86.Build.0 = Release|Any CPU
		{0DD89C83-F524-45EE-85C3-1AC6C484B3D7}.Debug|Any CPU.ActiveCfg = Debug|Any CPU
		{0DD89C83-F524-45EE-85C3-1AC6C484B3D7}.Debug|Any CPU.Build.0 = Debug|Any CPU
		{0DD89C83-F524-45EE-85C3-1AC6C484B3D7}.Debug|ARM.ActiveCfg = Debug|Any CPU
		{0DD89C83-F524-45EE-85C3-1AC6C484B3D7}.Debug|ARM.Build.0 = Debug|Any CPU
		{0DD89C83-F524-45EE-85C3-1AC6C484B3D7}.Debug|iPhone.ActiveCfg = Debug|Any CPU
		{0DD89C83-F524-45EE-85C3-1AC6C484B3D7}.Debug|iPhone.Build.0 = Debug|Any CPU
		{0DD89C83-F524-45EE-85C3-1AC6C484B3D7}.Debug|iPhoneSimulator.ActiveCfg = Debug|Any CPU
		{0DD89C83-F524-45EE-85C3-1AC6C484B3D7}.Debug|iPhoneSimulator.Build.0 = Debug|Any CPU
		{0DD89C83-F524-45EE-85C3-1AC6C484B3D7}.Debug|x64.ActiveCfg = Debug|Any CPU
		{0DD89C83-F524-45EE-85C3-1AC6C484B3D7}.Debug|x64.Build.0 = Debug|Any CPU
		{0DD89C83-F524-45EE-85C3-1AC6C484B3D7}.Debug|x86.ActiveCfg = Debug|Any CPU
		{0DD89C83-F524-45EE-85C3-1AC6C484B3D7}.Debug|x86.Build.0 = Debug|Any CPU
		{0DD89C83-F524-45EE-85C3-1AC6C484B3D7}.Release|Any CPU.ActiveCfg = Release|Any CPU
		{0DD89C83-F524-45EE-85C3-1AC6C484B3D7}.Release|Any CPU.Build.0 = Release|Any CPU
		{0DD89C83-F524-45EE-85C3-1AC6C484B3D7}.Release|ARM.ActiveCfg = Release|Any CPU
		{0DD89C83-F524-45EE-85C3-1AC6C484B3D7}.Release|ARM.Build.0 = Release|Any CPU
		{0DD89C83-F524-45EE-85C3-1AC6C484B3D7}.Release|iPhone.ActiveCfg = Release|Any CPU
		{0DD89C83-F524-45EE-85C3-1AC6C484B3D7}.Release|iPhone.Build.0 = Release|Any CPU
		{0DD89C83-F524-45EE-85C3-1AC6C484B3D7}.Release|iPhoneSimulator.ActiveCfg = Release|Any CPU
		{0DD89C83-F524-45EE-85C3-1AC6C484B3D7}.Release|iPhoneSimulator.Build.0 = Release|Any CPU
		{0DD89C83-F524-45EE-85C3-1AC6C484B3D7}.Release|x64.ActiveCfg = Release|Any CPU
		{0DD89C83-F524-45EE-85C3-1AC6C484B3D7}.Release|x64.Build.0 = Release|Any CPU
		{0DD89C83-F524-45EE-85C3-1AC6C484B3D7}.Release|x86.ActiveCfg = Release|Any CPU
		{0DD89C83-F524-45EE-85C3-1AC6C484B3D7}.Release|x86.Build.0 = Release|Any CPU
	EndGlobalSection
	GlobalSection(SolutionProperties) = preSolution
		HideSolutionNode = FALSE
	EndGlobalSection
EndGlobal
